{
  "name": "nxne-audio-generator",
  "version": "1.0.0",
  "lockfileVersion": 3,
  "requires": true,
  "packages": {
    "": {
      "name": "nxne-audio-generator",
      "version": "1.0.0",
      "license": "ISC",
      "dependencies": {
        "@ffmpeg/core": "^0.12.10",
        "@ffmpeg/ffmpeg": "^0.12.15",
        "webm-to-mp4": "^1.0.0"
      }
    },
    "node_modules/@ffmpeg/core": {
      "version": "0.12.10",
      "resolved": "https://registry.npmjs.org/@ffmpeg/core/-/core-0.12.10.tgz",
      "integrity": "sha512-dzNplnn2Nxle2c2i2rrDhqcB19q9cglCkWnoMTDN9Q9l3PvdjZWd1HfSPjCNWc/p8Q3CT+Es9fWOR0UhAeYQZA==",
      "engines": {
        "node": ">=16.x"
      }
    },
    "node_modules/@ffmpeg/ffmpeg": {
      "version": "0.12.15",
      "resolved": "https://registry.npmjs.org/@ffmpeg/ffmpeg/-/ffmpeg-0.12.15.tgz",
      "integrity": "sha512-1C8Obr4GsN3xw+/1Ww6PFM84wSQAGsdoTuTWPOj2OizsRDLT4CXTaVjPhkw6ARyDus1B9X/L2LiXHqYYsGnRFw==",
      "dependencies": {
        "@ffmpeg/types": "^0.12.4"
      },
      "engines": {
        "node": ">=18.x"
      }
    },
    "node_modules/@ffmpeg/types": {
      "version": "0.12.4",
      "resolved": "https://registry.npmjs.org/@ffmpeg/types/-/types-0.12.4.tgz",
      "integrity": "sha512-k9vJQNBGTxE5AhYDtOYR5rO5fKsspbg51gbcwtbkw2lCdoIILzklulcjJfIDwrtn7XhDeF2M+THwJ2FGrLeV6A==",
      "engines": {
        "node": ">=16.x"
      }
    },
    "node_modules/ffmpeg.js": {
      "version": "4.2.9003",
      "resolved": "https://registry.npmjs.org/ffmpeg.js/-/ffmpeg.js-4.2.9003.tgz",
      "integrity": "sha512-l1JBr8HwnnJEaSwg5p8K3Ifbom8O2IDHsZp7UVyr6MzQ7gc32tt/2apoOuQAr/j76c+uDOjla799VSsBnRvSTg=="
    },
    "node_modules/webm-to-mp4": {
      "version": "1.0.0",
      "resolved": "https://registry.npmjs.org/webm-to-mp4/-/webm-to-mp4-1.0.0.tgz",
      "integrity": "sha512-XCqDsNF9QoUxhsDI2bL+IyAjU+O/u80G8pojnpzMqKVgqIj9+++G8jSzNwMqlTRWP1nRnuVhMIiu3Kszs+PAbQ==",
      "dependencies": {
        "ffmpeg.js": "^4.2.9003"
      },
      "engines": {
        "node": ">=10"
      }
    }
  }
}
